
Microsoft Visual Studio Solution File, Format Version 12.00
# Visual Studio Version 16
VisualStudioVersion = 16.0.29613.14
MinimumVisualStudioVersion = 10.0.40219.1
Project("{FAE04EC0-301F-11D3-BF4B-00C04F79EFBC}") = "sitodiprova", "sitodiprova\sitodiprova.csproj", "{FAD95E46-81F6-461F-BB3C-89578534C56B}"
EndProject
Global
	GlobalSection(SolutionConfigurationPlatforms) = preSolution
		Debug|Any CPU = Debug|Any CPU
		Release|Any CPU = Release|Any CPU
	EndGlobalSection
	GlobalSection(ProjectConfigurationPlatforms) = postSolution
		{FAD95E46-81F6-461F-BB3C-89578534C56B}.Debug|Any CPU.ActiveCfg = Debug|Any CPU
		{FAD95E46-81F6-461F-BB3C-89578534C56B}.Debug|Any CPU.Build.0 = Debug|Any CPU
		{FAD95E46-81F6-461F-BB3C-89578534C56B}.Release|Any CPU.ActiveCfg = Release|Any CPU
		{FAD95E46-81F6-461F-BB3C-89578534C56B}.Release|Any CPU.Build.0 = Release|Any CPU
	EndGlobalSection
	GlobalSection(SolutionProperties) = preSolution
		HideSolutionNode = FALSE
	EndGlobalSection
	GlobalSection(ExtensibilityGlobals) = postSolution
		SolutionGuid = {6A1C103F-18E8-4F7E-88DA-07491586F6E0}
	EndGlobalSection
EndGlobal
